// !$*UTF8*$!
{
	archiveVersion = 1;
	classes = {
	};
	objectVersion = 50;
	objects = {

/* Begin PBXBuildFile section */
		7829A4AC2668093500488394 /* LogIn.swift in Sources */ = {isa = PBXBuildFile; fileRef = 7829A4AB2668093500488394 /* LogIn.swift */; };
		7829A4C4266868E600488394 /* FreshiTextbox.swift in Sources */ = {isa = PBXBuildFile; fileRef = 7829A4C3266868E600488394 /* FreshiTextbox.swift */; };
		7829A4C62669287C00488394 /* FormErrorMessage.swift in Sources */ = {isa = PBXBuildFile; fileRef = 7829A4C52669287C00488394 /* FormErrorMessage.swift */; };
		7829A4CD2669B1B000488394 /* Cache.swift in Sources */ = {isa = PBXBuildFile; fileRef = 7829A4CC2669B1B000488394 /* Cache.swift */; };
		784905C42661A17E00344EAC /* Header.swift in Sources */ = {isa = PBXBuildFile; fileRef = 784905C32661A17E00344EAC /* Header.swift */; };
		784905C62661A62F00344EAC /* Line.swift in Sources */ = {isa = PBXBuildFile; fileRef = 784905C52661A62F00344EAC /* Line.swift */; };
		784905C926653FFE00344EAC /* StartView.swift in Sources */ = {isa = PBXBuildFile; fileRef = 784905C826653FFE00344EAC /* StartView.swift */; };
		784905CB2665405B00344EAC /* LoggedInView.swift in Sources */ = {isa = PBXBuildFile; fileRef = 784905CA2665405B00344EAC /* LoggedInView.swift */; };
		784905D12665717C00344EAC /* StretchyImage.swift in Sources */ = {isa = PBXBuildFile; fileRef = 784905D02665717B00344EAC /* StretchyImage.swift */; };
		784905D526658C2800344EAC /* StretchyButton.swift in Sources */ = {isa = PBXBuildFile; fileRef = 784905D426658C2800344EAC /* StretchyButton.swift */; };
		784905D72666B0EE00344EAC /* SignUpEmail.swift in Sources */ = {isa = PBXBuildFile; fileRef = 784905D62666B0EE00344EAC /* SignUpEmail.swift */; };
		784905D92666B36B00344EAC /* RequestPasswordReset.swift in Sources */ = {isa = PBXBuildFile; fileRef = 784905D82666B36B00344EAC /* RequestPasswordReset.swift */; };
		784905DB2666B3CC00344EAC /* TermsAndConditions.swift in Sources */ = {isa = PBXBuildFile; fileRef = 784905DA2666B3CC00344EAC /* TermsAndConditions.swift */; };
		784905DD2666B44600344EAC /* PrivacyPolicy.swift in Sources */ = {isa = PBXBuildFile; fileRef = 784905DC2666B44600344EAC /* PrivacyPolicy.swift */; };
		784905EB266720E100344EAC /* LandingHeader.swift in Sources */ = {isa = PBXBuildFile; fileRef = 784905EA266720E100344EAC /* LandingHeader.swift */; };
		786775C72655B78100716DCE /* FreshiApp.swift in Sources */ = {isa = PBXBuildFile; fileRef = 786775C62655B78100716DCE /* FreshiApp.swift */; };
		786775CB2655B78600716DCE /* Assets.xcassets in Resources */ = {isa = PBXBuildFile; fileRef = 786775CA2655B78600716DCE /* Assets.xcassets */; };
		786775CE2655B78600716DCE /* Preview Assets.xcassets in Resources */ = {isa = PBXBuildFile; fileRef = 786775CD2655B78600716DCE /* Preview Assets.xcassets */; };
		786775D92655B78700716DCE /* FreshiTests.swift in Sources */ = {isa = PBXBuildFile; fileRef = 786775D82655B78700716DCE /* FreshiTests.swift */; };
		786775E42655B78700716DCE /* FreshiUITests.swift in Sources */ = {isa = PBXBuildFile; fileRef = 786775E32655B78700716DCE /* FreshiUITests.swift */; };
		786775F22655B84800716DCE /* Landing.swift in Sources */ = {isa = PBXBuildFile; fileRef = 786775F12655B84800716DCE /* Landing.swift */; };
		789CA52F2655C44600A1CD5E /* Auth.swift in Sources */ = {isa = PBXBuildFile; fileRef = 789CA52E2655C44600A1CD5E /* Auth.swift */; };
		789CA5332655CC7900A1CD5E /* AuthCredsRequest.swift in Sources */ = {isa = PBXBuildFile; fileRef = 789CA5322655CC7900A1CD5E /* AuthCredsRequest.swift */; };
		789CA5372655D41500A1CD5E /* User.swift in Sources */ = {isa = PBXBuildFile; fileRef = 789CA5362655D41500A1CD5E /* User.swift */; };
		789CA539265DAFFF00A1CD5E /* AuthCreds.swift in Sources */ = {isa = PBXBuildFile; fileRef = 789CA538265DAFFE00A1CD5E /* AuthCreds.swift */; };
		789CA5472660471700A1CD5E /* FontStyle.swift in Sources */ = {isa = PBXBuildFile; fileRef = 789CA5462660471700A1CD5E /* FontStyle.swift */; };
		789CA5492660694800A1CD5E /* GlobalStyles.swift in Sources */ = {isa = PBXBuildFile; fileRef = 789CA5482660694800A1CD5E /* GlobalStyles.swift */; };
		78E26D8A2672C74100EA1C2C /* SignUpButtons.swift in Sources */ = {isa = PBXBuildFile; fileRef = 78E26D892672C74100EA1C2C /* SignUpButtons.swift */; };
		78E26D8C2673C4F800EA1C2C /* UserRequest.swift in Sources */ = {isa = PBXBuildFile; fileRef = 78E26D8B2673C4F800EA1C2C /* UserRequest.swift */; };
		78E26D8E2673C58900EA1C2C /* RequestError.swift in Sources */ = {isa = PBXBuildFile; fileRef = 78E26D8D2673C58900EA1C2C /* RequestError.swift */; };
		78E26D90267414AE00EA1C2C /* APIRequest.swift in Sources */ = {isa = PBXBuildFile; fileRef = 78E26D8F267414AE00EA1C2C /* APIRequest.swift */; };
		78E26D922674685B00EA1C2C /* Onboarding.swift in Sources */ = {isa = PBXBuildFile; fileRef = 78E26D912674685B00EA1C2C /* Onboarding.swift */; };
		78E5A0D9266A9AFC00CD99A1 /* LoadingOverlay.swift in Sources */ = {isa = PBXBuildFile; fileRef = 78E5A0D8266A9AFC00CD99A1 /* LoadingOverlay.swift */; };
		78E5A0DF266B148A00CD99A1 /* CircleLoader.swift in Sources */ = {isa = PBXBuildFile; fileRef = 78E5A0DE266B148A00CD99A1 /* CircleLoader.swift */; };
		78E5A0EA266B2A6200CD99A1 /* LoadingBubbles.swift in Sources */ = {isa = PBXBuildFile; fileRef = 78E5A0E9266B2A6200CD99A1 /* LoadingBubbles.swift */; };
		78E5A0ED266E9A5300CD99A1 /* FreshiLogin.swift in Sources */ = {isa = PBXBuildFile; fileRef = 78E5A0EC266E9A5300CD99A1 /* FreshiLogin.swift */; };
		78E5A0EF266E9B9D00CD99A1 /* FreshiPassword.swift in Sources */ = {isa = PBXBuildFile; fileRef = 78E5A0EE266E9B9D00CD99A1 /* FreshiPassword.swift */; };
		78E5A0F1266EA49300CD99A1 /* Loader.swift in Sources */ = {isa = PBXBuildFile; fileRef = 78E5A0F0266EA49300CD99A1 /* Loader.swift */; };
		78E5A0F4266EB3EB00CD99A1 /* roundToDecPlace.swift in Sources */ = {isa = PBXBuildFile; fileRef = 78E5A0F3266EB3EB00CD99A1 /* roundToDecPlace.swift */; };
		78E5A0F6266EBE5200CD99A1 /* ProgressBar.swift in Sources */ = {isa = PBXBuildFile; fileRef = 78E5A0F5266EBE5200CD99A1 /* ProgressBar.swift */; };
		78E5A0F9266F00E800CD99A1 /* UsernameTextbox.swift in Sources */ = {isa = PBXBuildFile; fileRef = 78E5A0F8266F00E800CD99A1 /* UsernameTextbox.swift */; };
		78E5A0FB266F029800CD99A1 /* TextboxState.swift in Sources */ = {isa = PBXBuildFile; fileRef = 78E5A0FA266F029800CD99A1 /* TextboxState.swift */; };
		78E5A0FD266FD45A00CD99A1 /* SignUpUsername.swift in Sources */ = {isa = PBXBuildFile; fileRef = 78E5A0FC266FD45A00CD99A1 /* SignUpUsername.swift */; };
		78E5A100266FD4B000CD99A1 /* SignUpPassword.swift in Sources */ = {isa = PBXBuildFile; fileRef = 78E5A0FF266FD4B000CD99A1 /* SignUpPassword.swift */; };
		78E5A102266FD4BC00CD99A1 /* SignUpComplete.swift in Sources */ = {isa = PBXBuildFile; fileRef = 78E5A101266FD4BC00CD99A1 /* SignUpComplete.swift */; };
		78E5A104266FD56E00CD99A1 /* percentAsDecimal.swift in Sources */ = {isa = PBXBuildFile; fileRef = 78E5A103266FD56E00CD99A1 /* percentAsDecimal.swift */; };
		78E5A106266FD58A00CD99A1 /* raiseToPower.swift in Sources */ = {isa = PBXBuildFile; fileRef = 78E5A105266FD58A00CD99A1 /* raiseToPower.swift */; };
		78E5A109266FDF2E00CD99A1 /* NavButton.swift in Sources */ = {isa = PBXBuildFile; fileRef = 78E5A108266FDF2E00CD99A1 /* NavButton.swift */; };
		78E5A10B266FE55F00CD99A1 /* SignUp.swift in Sources */ = {isa = PBXBuildFile; fileRef = 78E5A10A266FE55F00CD99A1 /* SignUp.swift */; };
		78E5A10D266FE8AD00CD99A1 /* NavLink.swift in Sources */ = {isa = PBXBuildFile; fileRef = 78E5A10C266FE8AD00CD99A1 /* NavLink.swift */; };
		78E5A10F266FF15400CD99A1 /* ConditionalNav.swift in Sources */ = {isa = PBXBuildFile; fileRef = 78E5A10E266FF15400CD99A1 /* ConditionalNav.swift */; };
		78E5A111267126E400CD99A1 /* PopToRootNavView.swift in Sources */ = {isa = PBXBuildFile; fileRef = 78E5A110267126E400CD99A1 /* PopToRootNavView.swift */; };
/* End PBXBuildFile section */

/* Begin PBXContainerItemProxy section */
		786775D52655B78700716DCE /* PBXContainerItemProxy */ = {
			isa = PBXContainerItemProxy;
			containerPortal = 786775BB2655B78100716DCE /* Project object */;
			proxyType = 1;
			remoteGlobalIDString = 786775C22655B78100716DCE;
			remoteInfo = Freshi;
		};
		786775E02655B78700716DCE /* PBXContainerItemProxy */ = {
			isa = PBXContainerItemProxy;
			containerPortal = 786775BB2655B78100716DCE /* Project object */;
			proxyType = 1;
			remoteGlobalIDString = 786775C22655B78100716DCE;
			remoteInfo = Freshi;
		};
/* End PBXContainerItemProxy section */

/* Begin PBXFileReference section */
		7829A4AB2668093500488394 /* LogIn.swift */ = {isa = PBXFileReference; lastKnownFileType = sourcecode.swift; path = LogIn.swift; sourceTree = "<group>"; };
		7829A4C3266868E600488394 /* FreshiTextbox.swift */ = {isa = PBXFileReference; lastKnownFileType = sourcecode.swift; path = FreshiTextbox.swift; sourceTree = "<group>"; };
		7829A4C52669287C00488394 /* FormErrorMessage.swift */ = {isa = PBXFileReference; lastKnownFileType = sourcecode.swift; path = FormErrorMessage.swift; sourceTree = "<group>"; };
		7829A4CC2669B1B000488394 /* Cache.swift */ = {isa = PBXFileReference; lastKnownFileType = sourcecode.swift; path = Cache.swift; sourceTree = "<group>"; };
		784905C32661A17E00344EAC /* Header.swift */ = {isa = PBXFileReference; lastKnownFileType = sourcecode.swift; path = Header.swift; sourceTree = "<group>"; };
		784905C52661A62F00344EAC /* Line.swift */ = {isa = PBXFileReference; lastKnownFileType = sourcecode.swift; path = Line.swift; sourceTree = "<group>"; };
		784905C826653FFE00344EAC /* StartView.swift */ = {isa = PBXFileReference; lastKnownFileType = sourcecode.swift; path = StartView.swift; sourceTree = "<group>"; };
		784905CA2665405B00344EAC /* LoggedInView.swift */ = {isa = PBXFileReference; lastKnownFileType = sourcecode.swift; path = LoggedInView.swift; sourceTree = "<group>"; };
		784905D02665717B00344EAC /* StretchyImage.swift */ = {isa = PBXFileReference; lastKnownFileType = sourcecode.swift; path = StretchyImage.swift; sourceTree = "<group>"; };
		784905D426658C2800344EAC /* StretchyButton.swift */ = {isa = PBXFileReference; fileEncoding = 4; lastKnownFileType = sourcecode.swift; path = StretchyButton.swift; sourceTree = "<group>"; };
		784905D62666B0EE00344EAC /* SignUpEmail.swift */ = {isa = PBXFileReference; lastKnownFileType = sourcecode.swift; path = SignUpEmail.swift; sourceTree = "<group>"; };
		784905D82666B36B00344EAC /* RequestPasswordReset.swift */ = {isa = PBXFileReference; lastKnownFileType = sourcecode.swift; path = RequestPasswordReset.swift; sourceTree = "<group>"; };
		784905DA2666B3CC00344EAC /* TermsAndConditions.swift */ = {isa = PBXFileReference; lastKnownFileType = sourcecode.swift; path = TermsAndConditions.swift; sourceTree = "<group>"; };
		784905DC2666B44600344EAC /* PrivacyPolicy.swift */ = {isa = PBXFileReference; lastKnownFileType = sourcecode.swift; path = PrivacyPolicy.swift; sourceTree = "<group>"; };
		784905EA266720E100344EAC /* LandingHeader.swift */ = {isa = PBXFileReference; lastKnownFileType = sourcecode.swift; path = LandingHeader.swift; sourceTree = "<group>"; };
		786775C32655B78100716DCE /* Freshi.app */ = {isa = PBXFileReference; explicitFileType = wrapper.application; includeInIndex = 0; path = Freshi.app; sourceTree = BUILT_PRODUCTS_DIR; };
		786775C62655B78100716DCE /* FreshiApp.swift */ = {isa = PBXFileReference; lastKnownFileType = sourcecode.swift; path = FreshiApp.swift; sourceTree = "<group>"; };
		786775CA2655B78600716DCE /* Assets.xcassets */ = {isa = PBXFileReference; lastKnownFileType = folder.assetcatalog; path = Assets.xcassets; sourceTree = "<group>"; };
		786775CD2655B78600716DCE /* Preview Assets.xcassets */ = {isa = PBXFileReference; lastKnownFileType = folder.assetcatalog; path = "Preview Assets.xcassets"; sourceTree = "<group>"; };
		786775CF2655B78600716DCE /* Info.plist */ = {isa = PBXFileReference; lastKnownFileType = text.plist.xml; path = Info.plist; sourceTree = "<group>"; };
		786775D42655B78700716DCE /* FreshiTests.xctest */ = {isa = PBXFileReference; explicitFileType = wrapper.cfbundle; includeInIndex = 0; path = FreshiTests.xctest; sourceTree = BUILT_PRODUCTS_DIR; };
		786775D82655B78700716DCE /* FreshiTests.swift */ = {isa = PBXFileReference; lastKnownFileType = sourcecode.swift; path = FreshiTests.swift; sourceTree = "<group>"; };
		786775DA2655B78700716DCE /* Info.plist */ = {isa = PBXFileReference; lastKnownFileType = text.plist.xml; path = Info.plist; sourceTree = "<group>"; };
		786775DF2655B78700716DCE /* FreshiUITests.xctest */ = {isa = PBXFileReference; explicitFileType = wrapper.cfbundle; includeInIndex = 0; path = FreshiUITests.xctest; sourceTree = BUILT_PRODUCTS_DIR; };
		786775E32655B78700716DCE /* FreshiUITests.swift */ = {isa = PBXFileReference; lastKnownFileType = sourcecode.swift; path = FreshiUITests.swift; sourceTree = "<group>"; };
		786775E52655B78700716DCE /* Info.plist */ = {isa = PBXFileReference; lastKnownFileType = text.plist.xml; path = Info.plist; sourceTree = "<group>"; };
		786775F12655B84800716DCE /* Landing.swift */ = {isa = PBXFileReference; fileEncoding = 4; lastKnownFileType = sourcecode.swift; path = Landing.swift; sourceTree = "<group>"; };
		789CA52E2655C44600A1CD5E /* Auth.swift */ = {isa = PBXFileReference; lastKnownFileType = sourcecode.swift; path = Auth.swift; sourceTree = "<group>"; };
		789CA5322655CC7900A1CD5E /* AuthCredsRequest.swift */ = {isa = PBXFileReference; lastKnownFileType = sourcecode.swift; path = AuthCredsRequest.swift; sourceTree = "<group>"; };
		789CA5362655D41500A1CD5E /* User.swift */ = {isa = PBXFileReference; lastKnownFileType = sourcecode.swift; path = User.swift; sourceTree = "<group>"; };
		789CA538265DAFFE00A1CD5E /* AuthCreds.swift */ = {isa = PBXFileReference; lastKnownFileType = sourcecode.swift; path = AuthCreds.swift; sourceTree = "<group>"; };
		789CA5462660471700A1CD5E /* FontStyle.swift */ = {isa = PBXFileReference; lastKnownFileType = sourcecode.swift; path = FontStyle.swift; sourceTree = "<group>"; };
		789CA5482660694800A1CD5E /* GlobalStyles.swift */ = {isa = PBXFileReference; lastKnownFileType = sourcecode.swift; path = GlobalStyles.swift; sourceTree = "<group>"; };
		78E26D892672C74100EA1C2C /* SignUpButtons.swift */ = {isa = PBXFileReference; lastKnownFileType = sourcecode.swift; path = SignUpButtons.swift; sourceTree = "<group>"; };
		78E26D8B2673C4F800EA1C2C /* UserRequest.swift */ = {isa = PBXFileReference; lastKnownFileType = sourcecode.swift; path = UserRequest.swift; sourceTree = "<group>"; };
		78E26D8D2673C58900EA1C2C /* RequestError.swift */ = {isa = PBXFileReference; lastKnownFileType = sourcecode.swift; path = RequestError.swift; sourceTree = "<group>"; };
		78E26D8F267414AE00EA1C2C /* APIRequest.swift */ = {isa = PBXFileReference; lastKnownFileType = sourcecode.swift; path = APIRequest.swift; sourceTree = "<group>"; };
		78E26D912674685B00EA1C2C /* Onboarding.swift */ = {isa = PBXFileReference; lastKnownFileType = sourcecode.swift; path = Onboarding.swift; sourceTree = "<group>"; };
		78E5A0D8266A9AFC00CD99A1 /* LoadingOverlay.swift */ = {isa = PBXFileReference; lastKnownFileType = sourcecode.swift; path = LoadingOverlay.swift; sourceTree = "<group>"; };
		78E5A0DE266B148A00CD99A1 /* CircleLoader.swift */ = {isa = PBXFileReference; lastKnownFileType = sourcecode.swift; path = CircleLoader.swift; sourceTree = "<group>"; };
		78E5A0E9266B2A6200CD99A1 /* LoadingBubbles.swift */ = {isa = PBXFileReference; lastKnownFileType = sourcecode.swift; path = LoadingBubbles.swift; sourceTree = "<group>"; };
		78E5A0EC266E9A5300CD99A1 /* FreshiLogin.swift */ = {isa = PBXFileReference; lastKnownFileType = sourcecode.swift; path = FreshiLogin.swift; sourceTree = "<group>"; };
		78E5A0EE266E9B9D00CD99A1 /* FreshiPassword.swift */ = {isa = PBXFileReference; lastKnownFileType = sourcecode.swift; path = FreshiPassword.swift; sourceTree = "<group>"; };
		78E5A0F0266EA49300CD99A1 /* Loader.swift */ = {isa = PBXFileReference; lastKnownFileType = sourcecode.swift; path = Loader.swift; sourceTree = "<group>"; };
		78E5A0F3266EB3EB00CD99A1 /* roundToDecPlace.swift */ = {isa = PBXFileReference; lastKnownFileType = sourcecode.swift; path = roundToDecPlace.swift; sourceTree = "<group>"; };
		78E5A0F5266EBE5200CD99A1 /* ProgressBar.swift */ = {isa = PBXFileReference; lastKnownFileType = sourcecode.swift; path = ProgressBar.swift; sourceTree = "<group>"; };
		78E5A0F8266F00E800CD99A1 /* UsernameTextbox.swift */ = {isa = PBXFileReference; lastKnownFileType = sourcecode.swift; path = UsernameTextbox.swift; sourceTree = "<group>"; };
		78E5A0FA266F029800CD99A1 /* TextboxState.swift */ = {isa = PBXFileReference; lastKnownFileType = sourcecode.swift; path = TextboxState.swift; sourceTree = "<group>"; };
		78E5A0FC266FD45A00CD99A1 /* SignUpUsername.swift */ = {isa = PBXFileReference; lastKnownFileType = sourcecode.swift; path = SignUpUsername.swift; sourceTree = "<group>"; };
		78E5A0FF266FD4B000CD99A1 /* SignUpPassword.swift */ = {isa = PBXFileReference; lastKnownFileType = sourcecode.swift; path = SignUpPassword.swift; sourceTree = "<group>"; };
		78E5A101266FD4BC00CD99A1 /* SignUpComplete.swift */ = {isa = PBXFileReference; lastKnownFileType = sourcecode.swift; path = SignUpComplete.swift; sourceTree = "<group>"; };
		78E5A103266FD56E00CD99A1 /* percentAsDecimal.swift */ = {isa = PBXFileReference; lastKnownFileType = sourcecode.swift; path = percentAsDecimal.swift; sourceTree = "<group>"; };
		78E5A105266FD58A00CD99A1 /* raiseToPower.swift */ = {isa = PBXFileReference; lastKnownFileType = sourcecode.swift; path = raiseToPower.swift; sourceTree = "<group>"; };
		78E5A108266FDF2E00CD99A1 /* NavButton.swift */ = {isa = PBXFileReference; lastKnownFileType = sourcecode.swift; path = NavButton.swift; sourceTree = "<group>"; };
		78E5A10A266FE55F00CD99A1 /* SignUp.swift */ = {isa = PBXFileReference; lastKnownFileType = sourcecode.swift; path = SignUp.swift; sourceTree = "<group>"; };
		78E5A10C266FE8AD00CD99A1 /* NavLink.swift */ = {isa = PBXFileReference; lastKnownFileType = sourcecode.swift; path = NavLink.swift; sourceTree = "<group>"; };
		78E5A10E266FF15400CD99A1 /* ConditionalNav.swift */ = {isa = PBXFileReference; lastKnownFileType = sourcecode.swift; path = ConditionalNav.swift; sourceTree = "<group>"; };
		78E5A110267126E400CD99A1 /* PopToRootNavView.swift */ = {isa = PBXFileReference; lastKnownFileType = sourcecode.swift; path = PopToRootNavView.swift; sourceTree = "<group>"; };
/* End PBXFileReference section */

/* Begin PBXFrameworksBuildPhase section */
		786775C02655B78100716DCE /* Frameworks */ = {
			isa = PBXFrameworksBuildPhase;
			buildActionMask = 2147483647;
			files = (
			);
			runOnlyForDeploymentPostprocessing = 0;
		};
		786775D12655B78700716DCE /* Frameworks */ = {
			isa = PBXFrameworksBuildPhase;
			buildActionMask = 2147483647;
			files = (
			);
			runOnlyForDeploymentPostprocessing = 0;
		};
		786775DC2655B78700716DCE /* Frameworks */ = {
			isa = PBXFrameworksBuildPhase;
			buildActionMask = 2147483647;
			files = (
			);
			runOnlyForDeploymentPostprocessing = 0;
		};
/* End PBXFrameworksBuildPhase section */

/* Begin PBXGroup section */
		7829A4B726681C3400488394 /* T&C */ = {
			isa = PBXGroup;
			children = (
				784905DA2666B3CC00344EAC /* TermsAndConditions.swift */,
			);
			path = "T&C";
			sourceTree = "<group>";
		};
		7829A4B826681C5200488394 /* PrivacyPolicy */ = {
			isa = PBXGroup;
			children = (
				784905DC2666B44600344EAC /* PrivacyPolicy.swift */,
			);
			path = PrivacyPolicy;
			sourceTree = "<group>";
		};
		7829A4B926681C6900488394 /* SignUp */ = {
			isa = PBXGroup;
			children = (
				784905D62666B0EE00344EAC /* SignUpEmail.swift */,
				78E5A0FC266FD45A00CD99A1 /* SignUpUsername.swift */,
				78E5A0FF266FD4B000CD99A1 /* SignUpPassword.swift */,
				78E5A10A266FE55F00CD99A1 /* SignUp.swift */,
				78E26D892672C74100EA1C2C /* SignUpButtons.swift */,
				78E5A101266FD4BC00CD99A1 /* SignUpComplete.swift */,
			);
			path = SignUp;
			sourceTree = "<group>";
		};
		7829A4BA26681C7A00488394 /* PasswordReset */ = {
			isa = PBXGroup;
			children = (
				784905D82666B36B00344EAC /* RequestPasswordReset.swift */,
			);
			path = PasswordReset;
			sourceTree = "<group>";
		};
		7829A4BB26681C8900488394 /* LogIn */ = {
			isa = PBXGroup;
			children = (
				7829A4AB2668093500488394 /* LogIn.swift */,
			);
			path = LogIn;
			sourceTree = "<group>";
		};
		7829A4BD26681FB900488394 /* Modifiers */ = {
			isa = PBXGroup;
			children = (
				78E5A0FA266F029800CD99A1 /* TextboxState.swift */,
				784905D426658C2800344EAC /* StretchyButton.swift */,
				78E5A0EC266E9A5300CD99A1 /* FreshiLogin.swift */,
				78E5A0EE266E9B9D00CD99A1 /* FreshiPassword.swift */,
				7829A4C3266868E600488394 /* FreshiTextbox.swift */,
				789CA5462660471700A1CD5E /* FontStyle.swift */,
				78E5A110267126E400CD99A1 /* PopToRootNavView.swift */,
			);
			path = Modifiers;
			sourceTree = "<group>";
		};
		7829A4C12668266C00488394 /* Styles */ = {
			isa = PBXGroup;
			children = (
				789CA5482660694800A1CD5E /* GlobalStyles.swift */,
			);
			path = Styles;
			sourceTree = "<group>";
		};
		7829A4C22668288700488394 /* Landing */ = {
			isa = PBXGroup;
			children = (
				784905EA266720E100344EAC /* LandingHeader.swift */,
				786775F12655B84800716DCE /* Landing.swift */,
			);
			name = Landing;
			path = Landing/Landing;
			sourceTree = "<group>";
		};
		7829A4C92669A8C800488394 /* UserDefaults */ = {
			isa = PBXGroup;
			children = (
				7829A4CC2669B1B000488394 /* Cache.swift */,
			);
			path = UserDefaults;
			sourceTree = "<group>";
		};
		786775BA2655B78000716DCE = {
			isa = PBXGroup;
			children = (
				786775C52655B78100716DCE /* Freshi */,
				786775D72655B78700716DCE /* FreshiTests */,
				786775E22655B78700716DCE /* FreshiUITests */,
				786775C42655B78100716DCE /* Products */,
			);
			sourceTree = "<group>";
		};
		786775C42655B78100716DCE /* Products */ = {
			isa = PBXGroup;
			children = (
				786775C32655B78100716DCE /* Freshi.app */,
				786775D42655B78700716DCE /* FreshiTests.xctest */,
				786775DF2655B78700716DCE /* FreshiUITests.xctest */,
			);
			name = Products;
			sourceTree = "<group>";
		};
		786775C52655B78100716DCE /* Freshi */ = {
			isa = PBXGroup;
			children = (
				78E5A0F2266EB3BA00CD99A1 /* Helpers */,
				7829A4C92669A8C800488394 /* UserDefaults */,
				789CA5292655C29800A1CD5E /* Views */,
				789CA5282655C25100A1CD5E /* Stores */,
				789CA5262655C23800A1CD5E /* Models */,
				786775CA2655B78600716DCE /* Assets.xcassets */,
				789CA5242655C22300A1CD5E /* APIRequests */,
				786775CF2655B78600716DCE /* Info.plist */,
				786775CC2655B78600716DCE /* Preview Content */,
			);
			path = Freshi;
			sourceTree = "<group>";
		};
		786775CC2655B78600716DCE /* Preview Content */ = {
			isa = PBXGroup;
			children = (
				786775CD2655B78600716DCE /* Preview Assets.xcassets */,
			);
			path = "Preview Content";
			sourceTree = "<group>";
		};
		786775D72655B78700716DCE /* FreshiTests */ = {
			isa = PBXGroup;
			children = (
				786775D82655B78700716DCE /* FreshiTests.swift */,
				786775DA2655B78700716DCE /* Info.plist */,
			);
			path = FreshiTests;
			sourceTree = "<group>";
		};
		786775E22655B78700716DCE /* FreshiUITests */ = {
			isa = PBXGroup;
			children = (
				786775E32655B78700716DCE /* FreshiUITests.swift */,
				786775E52655B78700716DCE /* Info.plist */,
			);
			path = FreshiUITests;
			sourceTree = "<group>";
		};
		789CA5242655C22300A1CD5E /* APIRequests */ = {
			isa = PBXGroup;
			children = (
				789CA5322655CC7900A1CD5E /* AuthCredsRequest.swift */,
				78E26D8B2673C4F800EA1C2C /* UserRequest.swift */,
				78E26D8D2673C58900EA1C2C /* RequestError.swift */,
				78E26D8F267414AE00EA1C2C /* APIRequest.swift */,
			);
			path = APIRequests;
			sourceTree = "<group>";
		};
		789CA5262655C23800A1CD5E /* Models */ = {
			isa = PBXGroup;
			children = (
				789CA5362655D41500A1CD5E /* User.swift */,
				789CA538265DAFFE00A1CD5E /* AuthCreds.swift */,
			);
			path = Models;
			sourceTree = "<group>";
		};
		789CA5282655C25100A1CD5E /* Stores */ = {
			isa = PBXGroup;
			children = (
				789CA52E2655C44600A1CD5E /* Auth.swift */,
				78E26D912674685B00EA1C2C /* Onboarding.swift */,
				78E5A0F0266EA49300CD99A1 /* Loader.swift */,
			);
			path = Stores;
			sourceTree = "<group>";
		};
		789CA5292655C29800A1CD5E /* Views */ = {
			isa = PBXGroup;
			children = (
				7829A4C12668266C00488394 /* Styles */,
				7829A4BD26681FB900488394 /* Modifiers */,
				789CA52A2655C2D600A1CD5E /* Common */,
				786775C62655B78100716DCE /* FreshiApp.swift */,
				784905C826653FFE00344EAC /* StartView.swift */,
				784905CA2665405B00344EAC /* LoggedInView.swift */,
				78E5A0D7266A9AE100CD99A1 /* LoadingOverlay */,
				7829A4B926681C6900488394 /* SignUp */,
				7829A4BA26681C7A00488394 /* PasswordReset */,
				7829A4BB26681C8900488394 /* LogIn */,
				7829A4B726681C3400488394 /* T&C */,
				7829A4B826681C5200488394 /* PrivacyPolicy */,
				7829A4C22668288700488394 /* Landing */,
			);
			path = Views;
			sourceTree = "<group>";
		};
		789CA52A2655C2D600A1CD5E /* Common */ = {
			isa = PBXGroup;
			children = (
				78E5A0F7266F009E00CD99A1 /* Forms */,
				78E5A0EB266B308100CD99A1 /* LoaderAnimations */,
				784905C32661A17E00344EAC /* Header.swift */,
				784905C52661A62F00344EAC /* Line.swift */,
				78E5A0F5266EBE5200CD99A1 /* ProgressBar.swift */,
				78E5A108266FDF2E00CD99A1 /* NavButton.swift */,
				78E5A10E266FF15400CD99A1 /* ConditionalNav.swift */,
				78E5A10C266FE8AD00CD99A1 /* NavLink.swift */,
				784905D02665717B00344EAC /* StretchyImage.swift */,
				7829A4C52669287C00488394 /* FormErrorMessage.swift */,
			);
			path = Common;
			sourceTree = "<group>";
		};
		78E5A0D7266A9AE100CD99A1 /* LoadingOverlay */ = {
			isa = PBXGroup;
			children = (
				78E5A0D8266A9AFC00CD99A1 /* LoadingOverlay.swift */,
			);
			path = LoadingOverlay;
			sourceTree = "<group>";
		};
		78E5A0EB266B308100CD99A1 /* LoaderAnimations */ = {
			isa = PBXGroup;
			children = (
				78E5A0DE266B148A00CD99A1 /* CircleLoader.swift */,
				78E5A0E9266B2A6200CD99A1 /* LoadingBubbles.swift */,
			);
			path = LoaderAnimations;
			sourceTree = "<group>";
		};
		78E5A0F2266EB3BA00CD99A1 /* Helpers */ = {
			isa = PBXGroup;
			children = (
				78E5A107266FD5A500CD99A1 /* Math */,
			);
			path = Helpers;
			sourceTree = "<group>";
		};
		78E5A0F7266F009E00CD99A1 /* Forms */ = {
			isa = PBXGroup;
			children = (
				78E5A0F8266F00E800CD99A1 /* UsernameTextbox.swift */,
			);
			path = Forms;
			sourceTree = "<group>";
		};
		78E5A107266FD5A500CD99A1 /* Math */ = {
			isa = PBXGroup;
			children = (
				78E5A0F3266EB3EB00CD99A1 /* roundToDecPlace.swift */,
				78E5A105266FD58A00CD99A1 /* raiseToPower.swift */,
				78E5A103266FD56E00CD99A1 /* percentAsDecimal.swift */,
			);
			path = Math;
			sourceTree = "<group>";
		};
/* End PBXGroup section */

/* Begin PBXNativeTarget section */
		786775C22655B78100716DCE /* Freshi */ = {
			isa = PBXNativeTarget;
			buildConfigurationList = 786775E82655B78700716DCE /* Build configuration list for PBXNativeTarget "Freshi" */;
			buildPhases = (
				786775BF2655B78100716DCE /* Sources */,
				786775C02655B78100716DCE /* Frameworks */,
				786775C12655B78100716DCE /* Resources */,
			);
			buildRules = (
			);
			dependencies = (
			);
			name = Freshi;
			productName = Freshi;
			productReference = 786775C32655B78100716DCE /* Freshi.app */;
			productType = "com.apple.product-type.application";
		};
		786775D32655B78700716DCE /* FreshiTests */ = {
			isa = PBXNativeTarget;
			buildConfigurationList = 786775EB2655B78700716DCE /* Build configuration list for PBXNativeTarget "FreshiTests" */;
			buildPhases = (
				786775D02655B78700716DCE /* Sources */,
				786775D12655B78700716DCE /* Frameworks */,
				786775D22655B78700716DCE /* Resources */,
			);
			buildRules = (
			);
			dependencies = (
				786775D62655B78700716DCE /* PBXTargetDependency */,
			);
			name = FreshiTests;
			productName = FreshiTests;
			productReference = 786775D42655B78700716DCE /* FreshiTests.xctest */;
			productType = "com.apple.product-type.bundle.unit-test";
		};
		786775DE2655B78700716DCE /* FreshiUITests */ = {
			isa = PBXNativeTarget;
			buildConfigurationList = 786775EE2655B78700716DCE /* Build configuration list for PBXNativeTarget "FreshiUITests" */;
			buildPhases = (
				786775DB2655B78700716DCE /* Sources */,
				786775DC2655B78700716DCE /* Frameworks */,
				786775DD2655B78700716DCE /* Resources */,
			);
			buildRules = (
			);
			dependencies = (
				786775E12655B78700716DCE /* PBXTargetDependency */,
			);
			name = FreshiUITests;
			productName = FreshiUITests;
			productReference = 786775DF2655B78700716DCE /* FreshiUITests.xctest */;
			productType = "com.apple.product-type.bundle.ui-testing";
		};
/* End PBXNativeTarget section */

/* Begin PBXProject section */
		786775BB2655B78100716DCE /* Project object */ = {
			isa = PBXProject;
			attributes = {
				LastSwiftUpdateCheck = 1250;
				LastUpgradeCheck = 1250;
				TargetAttributes = {
					786775C22655B78100716DCE = {
						CreatedOnToolsVersion = 12.5;
					};
					786775D32655B78700716DCE = {
						CreatedOnToolsVersion = 12.5;
						TestTargetID = 786775C22655B78100716DCE;
					};
					786775DE2655B78700716DCE = {
						CreatedOnToolsVersion = 12.5;
						TestTargetID = 786775C22655B78100716DCE;
					};
				};
			};
			buildConfigurationList = 786775BE2655B78100716DCE /* Build configuration list for PBXProject "Freshi" */;
			compatibilityVersion = "Xcode 9.3";
			developmentRegion = en;
			hasScannedForEncodings = 0;
			knownRegions = (
				en,
				Base,
			);
			mainGroup = 786775BA2655B78000716DCE;
			productRefGroup = 786775C42655B78100716DCE /* Products */;
			projectDirPath = "";
			projectRoot = "";
			targets = (
				786775C22655B78100716DCE /* Freshi */,
				786775D32655B78700716DCE /* FreshiTests */,
				786775DE2655B78700716DCE /* FreshiUITests */,
			);
		};
/* End PBXProject section */

/* Begin PBXResourcesBuildPhase section */
		786775C12655B78100716DCE /* Resources */ = {
			isa = PBXResourcesBuildPhase;
			buildActionMask = 2147483647;
			files = (
				786775CE2655B78600716DCE /* Preview Assets.xcassets in Resources */,
				786775CB2655B78600716DCE /* Assets.xcassets in Resources */,
			);
			runOnlyForDeploymentPostprocessing = 0;
		};
		786775D22655B78700716DCE /* Resources */ = {
			isa = PBXResourcesBuildPhase;
			buildActionMask = 2147483647;
			files = (
			);
			runOnlyForDeploymentPostprocessing = 0;
		};
		786775DD2655B78700716DCE /* Resources */ = {
			isa = PBXResourcesBuildPhase;
			buildActionMask = 2147483647;
			files = (
			);
			runOnlyForDeploymentPostprocessing = 0;
		};
/* End PBXResourcesBuildPhase section */

/* Begin PBXSourcesBuildPhase section */
		786775BF2655B78100716DCE /* Sources */ = {
			isa = PBXSourcesBuildPhase;
			buildActionMask = 2147483647;
			files = (
				784905DD2666B44600344EAC /* PrivacyPolicy.swift in Sources */,
				784905D526658C2800344EAC /* StretchyButton.swift in Sources */,
				786775F22655B84800716DCE /* Landing.swift in Sources */,
				7829A4CD2669B1B000488394 /* Cache.swift in Sources */,
				78E5A10F266FF15400CD99A1 /* ConditionalNav.swift in Sources */,
				784905D92666B36B00344EAC /* RequestPasswordReset.swift in Sources */,
				784905CB2665405B00344EAC /* LoggedInView.swift in Sources */,
				784905C42661A17E00344EAC /* Header.swift in Sources */,
				7829A4AC2668093500488394 /* LogIn.swift in Sources */,
				78E5A109266FDF2E00CD99A1 /* NavButton.swift in Sources */,
				78E5A106266FD58A00CD99A1 /* raiseToPower.swift in Sources */,
				78E5A0DF266B148A00CD99A1 /* CircleLoader.swift in Sources */,
				789CA5332655CC7900A1CD5E /* AuthCredsRequest.swift in Sources */,
				78E5A10B266FE55F00CD99A1 /* SignUp.swift in Sources */,
				789CA539265DAFFF00A1CD5E /* AuthCreds.swift in Sources */,
				789CA5472660471700A1CD5E /* FontStyle.swift in Sources */,
				7829A4C62669287C00488394 /* FormErrorMessage.swift in Sources */,
				78E5A102266FD4BC00CD99A1 /* SignUpComplete.swift in Sources */,
				78E26D8E2673C58900EA1C2C /* RequestError.swift in Sources */,
				78E5A100266FD4B000CD99A1 /* SignUpPassword.swift in Sources */,
				78E5A0F4266EB3EB00CD99A1 /* roundToDecPlace.swift in Sources */,
				784905C926653FFE00344EAC /* StartView.swift in Sources */,
				78E5A0F6266EBE5200CD99A1 /* ProgressBar.swift in Sources */,
				784905EB266720E100344EAC /* LandingHeader.swift in Sources */,
				789CA52F2655C44600A1CD5E /* Auth.swift in Sources */,
				78E5A10D266FE8AD00CD99A1 /* NavLink.swift in Sources */,
				78E5A0FB266F029800CD99A1 /* TextboxState.swift in Sources */,
				7829A4C4266868E600488394 /* FreshiTextbox.swift in Sources */,
				789CA5372655D41500A1CD5E /* User.swift in Sources */,
				784905D12665717C00344EAC /* StretchyImage.swift in Sources */,
				78E26D922674685B00EA1C2C /* Onboarding.swift in Sources */,
				78E5A0F9266F00E800CD99A1 /* UsernameTextbox.swift in Sources */,
				786775C72655B78100716DCE /* FreshiApp.swift in Sources */,
				78E5A0D9266A9AFC00CD99A1 /* LoadingOverlay.swift in Sources */,
				78E5A0FD266FD45A00CD99A1 /* SignUpUsername.swift in Sources */,
				78E5A104266FD56E00CD99A1 /* percentAsDecimal.swift in Sources */,
				789CA5492660694800A1CD5E /* GlobalStyles.swift in Sources */,
				78E5A0EA266B2A6200CD99A1 /* LoadingBubbles.swift in Sources */,
				784905C62661A62F00344EAC /* Line.swift in Sources */,
				784905D72666B0EE00344EAC /* SignUpEmail.swift in Sources */,
				78E26D8C2673C4F800EA1C2C /* UserRequest.swift in Sources */,
				784905DB2666B3CC00344EAC /* TermsAndConditions.swift in Sources */,
				78E5A0ED266E9A5300CD99A1 /* FreshiLogin.swift in Sources */,
				78E5A0F1266EA49300CD99A1 /* Loader.swift in Sources */,
				78E5A111267126E400CD99A1 /* PopToRootNavView.swift in Sources */,
				78E5A0EF266E9B9D00CD99A1 /* FreshiPassword.swift in Sources */,
				78E26D8A2672C74100EA1C2C /* SignUpButtons.swift in Sources */,
				78E26D90267414AE00EA1C2C /* APIRequest.swift in Sources */,
			);
			runOnlyForDeploymentPostprocessing = 0;
		};
		786775D02655B78700716DCE /* Sources */ = {
			isa = PBXSourcesBuildPhase;
			buildActionMask = 2147483647;
			files = (
				786775D92655B78700716DCE /* FreshiTests.swift in Sources */,
			);
			runOnlyForDeploymentPostprocessing = 0;
		};
		786775DB2655B78700716DCE /* Sources */ = {
			isa = PBXSourcesBuildPhase;
			buildActionMask = 2147483647;
			files = (
				786775E42655B78700716DCE /* FreshiUITests.swift in Sources */,
			);
			runOnlyForDeploymentPostprocessing = 0;
		};
/* End PBXSourcesBuildPhase section */

/* Begin PBXTargetDependency section */
		786775D62655B78700716DCE /* PBXTargetDependency */ = {
			isa = PBXTargetDependency;
			target = 786775C22655B78100716DCE /* Freshi */;
			targetProxy = 786775D52655B78700716DCE /* PBXContainerItemProxy */;
		};
		786775E12655B78700716DCE /* PBXTargetDependency */ = {
			isa = PBXTargetDependency;
			target = 786775C22655B78100716DCE /* Freshi */;
			targetProxy = 786775E02655B78700716DCE /* PBXContainerItemProxy */;
		};
/* End PBXTargetDependency section */

/* Begin XCBuildConfiguration section */
		786775E62655B78700716DCE /* Debug */ = {
			isa = XCBuildConfiguration;
			buildSettings = {
				ALWAYS_SEARCH_USER_PATHS = NO;
				CLANG_ANALYZER_NONNULL = YES;
				CLANG_ANALYZER_NUMBER_OBJECT_CONVERSION = YES_AGGRESSIVE;
				CLANG_CXX_LANGUAGE_STANDARD = "gnu++14";
				CLANG_CXX_LIBRARY = "libc++";
				CLANG_ENABLE_MODULES = YES;
				CLANG_ENABLE_OBJC_ARC = YES;
				CLANG_ENABLE_OBJC_WEAK = YES;
				CLANG_WARN_BLOCK_CAPTURE_AUTORELEASING = YES;
				CLANG_WARN_BOOL_CONVERSION = YES;
				CLANG_WARN_COMMA = YES;
				CLANG_WARN_CONSTANT_CONVERSION = YES;
				CLANG_WARN_DEPRECATED_OBJC_IMPLEMENTATIONS = YES;
				CLANG_WARN_DIRECT_OBJC_ISA_USAGE = YES_ERROR;
				CLANG_WARN_DOCUMENTATION_COMMENTS = YES;
				CLANG_WARN_EMPTY_BODY = YES;
				CLANG_WARN_ENUM_CONVERSION = YES;
				CLANG_WARN_INFINITE_RECURSION = YES;
				CLANG_WARN_INT_CONVERSION = YES;
				CLANG_WARN_NON_LITERAL_NULL_CONVERSION = YES;
				CLANG_WARN_OBJC_IMPLICIT_RETAIN_SELF = YES;
				CLANG_WARN_OBJC_LITERAL_CONVERSION = YES;
				CLANG_WARN_OBJC_ROOT_CLASS = YES_ERROR;
				CLANG_WARN_QUOTED_INCLUDE_IN_FRAMEWORK_HEADER = YES;
				CLANG_WARN_RANGE_LOOP_ANALYSIS = YES;
				CLANG_WARN_STRICT_PROTOTYPES = YES;
				CLANG_WARN_SUSPICIOUS_MOVE = YES;
				CLANG_WARN_UNGUARDED_AVAILABILITY = YES_AGGRESSIVE;
				CLANG_WARN_UNREACHABLE_CODE = YES;
				CLANG_WARN__DUPLICATE_METHOD_MATCH = YES;
				COPY_PHASE_STRIP = NO;
				DEBUG_INFORMATION_FORMAT = dwarf;
				ENABLE_STRICT_OBJC_MSGSEND = YES;
				ENABLE_TESTABILITY = YES;
				GCC_C_LANGUAGE_STANDARD = gnu11;
				GCC_DYNAMIC_NO_PIC = NO;
				GCC_NO_COMMON_BLOCKS = YES;
				GCC_OPTIMIZATION_LEVEL = 0;
				GCC_PREPROCESSOR_DEFINITIONS = (
					"DEBUG=1",
					"$(inherited)",
				);
				GCC_WARN_64_TO_32_BIT_CONVERSION = YES;
				GCC_WARN_ABOUT_RETURN_TYPE = YES_ERROR;
				GCC_WARN_UNDECLARED_SELECTOR = YES;
				GCC_WARN_UNINITIALIZED_AUTOS = YES_AGGRESSIVE;
				GCC_WARN_UNUSED_FUNCTION = YES;
				GCC_WARN_UNUSED_VARIABLE = YES;
				IPHONEOS_DEPLOYMENT_TARGET = 14.5;
				MTL_ENABLE_DEBUG_INFO = INCLUDE_SOURCE;
				MTL_FAST_MATH = YES;
				ONLY_ACTIVE_ARCH = YES;
				SDKROOT = iphoneos;
				SWIFT_ACTIVE_COMPILATION_CONDITIONS = DEBUG;
				SWIFT_OPTIMIZATION_LEVEL = "-Onone";
			};
			name = Debug;
		};
		786775E72655B78700716DCE /* Release */ = {
			isa = XCBuildConfiguration;
			buildSettings = {
				ALWAYS_SEARCH_USER_PATHS = NO;
				CLANG_ANALYZER_NONNULL = YES;
				CLANG_ANALYZER_NUMBER_OBJECT_CONVERSION = YES_AGGRESSIVE;
				CLANG_CXX_LANGUAGE_STANDARD = "gnu++14";
				CLANG_CXX_LIBRARY = "libc++";
				CLANG_ENABLE_MODULES = YES;
				CLANG_ENABLE_OBJC_ARC = YES;
				CLANG_ENABLE_OBJC_WEAK = YES;
				CLANG_WARN_BLOCK_CAPTURE_AUTORELEASING = YES;
				CLANG_WARN_BOOL_CONVERSION = YES;
				CLANG_WARN_COMMA = YES;
				CLANG_WARN_CONSTANT_CONVERSION = YES;
				CLANG_WARN_DEPRECATED_OBJC_IMPLEMENTATIONS = YES;
				CLANG_WARN_DIRECT_OBJC_ISA_USAGE = YES_ERROR;
				CLANG_WARN_DOCUMENTATION_COMMENTS = YES;
				CLANG_WARN_EMPTY_BODY = YES;
				CLANG_WARN_ENUM_CONVERSION = YES;
				CLANG_WARN_INFINITE_RECURSION = YES;
				CLANG_WARN_INT_CONVERSION = YES;
				CLANG_WARN_NON_LITERAL_NULL_CONVERSION = YES;
				CLANG_WARN_OBJC_IMPLICIT_RETAIN_SELF = YES;
				CLANG_WARN_OBJC_LITERAL_CONVERSION = YES;
				CLANG_WARN_OBJC_ROOT_CLASS = YES_ERROR;
				CLANG_WARN_QUOTED_INCLUDE_IN_FRAMEWORK_HEADER = YES;
				CLANG_WARN_RANGE_LOOP_ANALYSIS = YES;
				CLANG_WARN_STRICT_PROTOTYPES = YES;
				CLANG_WARN_SUSPICIOUS_MOVE = YES;
				CLANG_WARN_UNGUARDED_AVAILABILITY = YES_AGGRESSIVE;
				CLANG_WARN_UNREACHABLE_CODE = YES;
				CLANG_WARN__DUPLICATE_METHOD_MATCH = YES;
				COPY_PHASE_STRIP = NO;
				DEBUG_INFORMATION_FORMAT = "dwarf-with-dsym";
				ENABLE_NS_ASSERTIONS = NO;
				ENABLE_STRICT_OBJC_MSGSEND = YES;
				GCC_C_LANGUAGE_STANDARD = gnu11;
				GCC_NO_COMMON_BLOCKS = YES;
				GCC_WARN_64_TO_32_BIT_CONVERSION = YES;
				GCC_WARN_ABOUT_RETURN_TYPE = YES_ERROR;
				GCC_WARN_UNDECLARED_SELECTOR = YES;
				GCC_WARN_UNINITIALIZED_AUTOS = YES_AGGRESSIVE;
				GCC_WARN_UNUSED_FUNCTION = YES;
				GCC_WARN_UNUSED_VARIABLE = YES;
				IPHONEOS_DEPLOYMENT_TARGET = 14.5;
				MTL_ENABLE_DEBUG_INFO = NO;
				MTL_FAST_MATH = YES;
				SDKROOT = iphoneos;
				SWIFT_COMPILATION_MODE = wholemodule;
				SWIFT_OPTIMIZATION_LEVEL = "-O";
				VALIDATE_PRODUCT = YES;
			};
			name = Release;
		};
		786775E92655B78700716DCE /* Debug */ = {
			isa = XCBuildConfiguration;
			buildSettings = {
				ASSETCATALOG_COMPILER_APPICON_NAME = AppIcon;
				ASSETCATALOG_COMPILER_GLOBAL_ACCENT_COLOR_NAME = AccentColor;
				CODE_SIGN_STYLE = Automatic;
				DEVELOPMENT_ASSET_PATHS = "\"Freshi/Preview Content\"";
				DEVELOPMENT_TEAM = YYZPQ76M64;
				ENABLE_PREVIEWS = YES;
				INFOPLIST_FILE = Freshi/Info.plist;
				IPHONEOS_DEPLOYMENT_TARGET = 14.0;
				LD_RUNPATH_SEARCH_PATHS = (
					"$(inherited)",
					"@executable_path/Frameworks",
				);
				PRODUCT_BUNDLE_IDENTIFIER = io.freshi.Freshi;
				PRODUCT_NAME = "$(TARGET_NAME)";
				SWIFT_VERSION = 5.0;
				TARGETED_DEVICE_FAMILY = "1,2";
			};
			name = Debug;
		};
		786775EA2655B78700716DCE /* Release */ = {
			isa = XCBuildConfiguration;
			buildSettings = {
				ASSETCATALOG_COMPILER_APPICON_NAME = AppIcon;
				ASSETCATALOG_COMPILER_GLOBAL_ACCENT_COLOR_NAME = AccentColor;
				CODE_SIGN_STYLE = Automatic;
				DEVELOPMENT_ASSET_PATHS = "\"Freshi/Preview Content\"";
				DEVELOPMENT_TEAM = YYZPQ76M64;
				ENABLE_PREVIEWS = YES;
				INFOPLIST_FILE = Freshi/Info.plist;
				IPHONEOS_DEPLOYMENT_TARGET = 14.0;
				LD_RUNPATH_SEARCH_PATHS = (
					"$(inherited)",
					"@executable_path/Frameworks",
				);
				PRODUCT_BUNDLE_IDENTIFIER = io.freshi.Freshi;
				PRODUCT_NAME = "$(TARGET_NAME)";
				SWIFT_VERSION = 5.0;
				TARGETED_DEVICE_FAMILY = "1,2";
			};
			name = Release;
		};
		786775EC2655B78700716DCE /* Debug */ = {
			isa = XCBuildConfiguration;
			buildSettings = {
				ALWAYS_EMBED_SWIFT_STANDARD_LIBRARIES = YES;
				BUNDLE_LOADER = "$(TEST_HOST)";
				CODE_SIGN_STYLE = Automatic;
				DEVELOPMENT_TEAM = YYZPQ76M64;
				INFOPLIST_FILE = FreshiTests/Info.plist;
				IPHONEOS_DEPLOYMENT_TARGET = 14.0;
				LD_RUNPATH_SEARCH_PATHS = (
					"$(inherited)",
					"@executable_path/Frameworks",
					"@loader_path/Frameworks",
				);
				PRODUCT_BUNDLE_IDENTIFIER = io.freshi.FreshiTests;
				PRODUCT_NAME = "$(TARGET_NAME)";
				SWIFT_VERSION = 5.0;
				TARGETED_DEVICE_FAMILY = "1,2";
				TEST_HOST = "$(BUILT_PRODUCTS_DIR)/Freshi.app/Freshi";
			};
			name = Debug;
		};
		786775ED2655B78700716DCE /* Release */ = {
			isa = XCBuildConfiguration;
			buildSettings = {
				ALWAYS_EMBED_SWIFT_STANDARD_LIBRARIES = YES;
				BUNDLE_LOADER = "$(TEST_HOST)";
				CODE_SIGN_STYLE = Automatic;
				DEVELOPMENT_TEAM = YYZPQ76M64;
				INFOPLIST_FILE = FreshiTests/Info.plist;
				IPHONEOS_DEPLOYMENT_TARGET = 14.0;
				LD_RUNPATH_SEARCH_PATHS = (
					"$(inherited)",
					"@executable_path/Frameworks",
					"@loader_path/Frameworks",
				);
				PRODUCT_BUNDLE_IDENTIFIER = io.freshi.FreshiTests;
				PRODUCT_NAME = "$(TARGET_NAME)";
				SWIFT_VERSION = 5.0;
				TARGETED_DEVICE_FAMILY = "1,2";
				TEST_HOST = "$(BUILT_PRODUCTS_DIR)/Freshi.app/Freshi";
			};
			name = Release;
		};
		786775EF2655B78700716DCE /* Debug */ = {
			isa = XCBuildConfiguration;
			buildSettings = {
				ALWAYS_EMBED_SWIFT_STANDARD_LIBRARIES = YES;
				CODE_SIGN_STYLE = Automatic;
				DEVELOPMENT_TEAM = YYZPQ76M64;
				INFOPLIST_FILE = FreshiUITests/Info.plist;
				LD_RUNPATH_SEARCH_PATHS = (
					"$(inherited)",
					"@executable_path/Frameworks",
					"@loader_path/Frameworks",
				);
				PRODUCT_BUNDLE_IDENTIFIER = io.freshi.FreshiUITests;
				PRODUCT_NAME = "$(TARGET_NAME)";
				SWIFT_VERSION = 5.0;
				TARGETED_DEVICE_FAMILY = "1,2";
				TEST_TARGET_NAME = Freshi;
			};
			name = Debug;
		};
		786775F02655B78700716DCE /* Release */ = {
			isa = XCBuildConfiguration;
			buildSettings = {
				ALWAYS_EMBED_SWIFT_STANDARD_LIBRARIES = YES;
				CODE_SIGN_STYLE = Automatic;
				DEVELOPMENT_TEAM = YYZPQ76M64;
				INFOPLIST_FILE = FreshiUITests/Info.plist;
				LD_RUNPATH_SEARCH_PATHS = (
					"$(inherited)",
					"@executable_path/Frameworks",
					"@loader_path/Frameworks",
				);
				PRODUCT_BUNDLE_IDENTIFIER = io.freshi.FreshiUITests;
				PRODUCT_NAME = "$(TARGET_NAME)";
				SWIFT_VERSION = 5.0;
				TARGETED_DEVICE_FAMILY = "1,2";
				TEST_TARGET_NAME = Freshi;
			};
			name = Release;
		};
/* End XCBuildConfiguration section */

/* Begin XCConfigurationList section */
		786775BE2655B78100716DCE /* Build configuration list for PBXProject "Freshi" */ = {
			isa = XCConfigurationList;
			buildConfigurations = (
				786775E62655B78700716DCE /* Debug */,
				786775E72655B78700716DCE /* Release */,
			);
			defaultConfigurationIsVisible = 0;
			defaultConfigurationName = Release;
		};
		786775E82655B78700716DCE /* Build configuration list for PBXNativeTarget "Freshi" */ = {
			isa = XCConfigurationList;
			buildConfigurations = (
				786775E92655B78700716DCE /* Debug */,
				786775EA2655B78700716DCE /* Release */,
			);
			defaultConfigurationIsVisible = 0;
			defaultConfigurationName = Release;
		};
		786775EB2655B78700716DCE /* Build configuration list for PBXNativeTarget "FreshiTests" */ = {
			isa = XCConfigurationList;
			buildConfigurations = (
				786775EC2655B78700716DCE /* Debug */,
				786775ED2655B78700716DCE /* Release */,
			);
			defaultConfigurationIsVisible = 0;
			defaultConfigurationName = Release;
		};
		786775EE2655B78700716DCE /* Build configuration list for PBXNativeTarget "FreshiUITests" */ = {
			isa = XCConfigurationList;
			buildConfigurations = (
				786775EF2655B78700716DCE /* Debug */,
				786775F02655B78700716DCE /* Release */,
			);
			defaultConfigurationIsVisible = 0;
			defaultConfigurationName = Release;
		};
/* End XCConfigurationList section */
	};
	rootObject = 786775BB2655B78100716DCE /* Project object */;
}
