// !$*UTF8*$!
{
	archiveVersion = 1;
	classes = {
	};
	objectVersion = 50;
	objects = {

/* Begin PBXBuildFile section */
		786775C72655B78100716DCE /* FreshiApp.swift in Sources */ = {isa = PBXBuildFile; fileRef = 786775C62655B78100716DCE /* FreshiApp.swift */; };
		786775C92655B78100716DCE /* ContentView.swift in Sources */ = {isa = PBXBuildFile; fileRef = 786775C82655B78100716DCE /* ContentView.swift */; };
		786775CB2655B78600716DCE /* Assets.xcassets in Resources */ = {isa = PBXBuildFile; fileRef = 786775CA2655B78600716DCE /* Assets.xcassets */; };
		786775CE2655B78600716DCE /* Preview Assets.xcassets in Resources */ = {isa = PBXBuildFile; fileRef = 786775CD2655B78600716DCE /* Preview Assets.xcassets */; };
		786775D92655B78700716DCE /* FreshiTests.swift in Sources */ = {isa = PBXBuildFile; fileRef = 786775D82655B78700716DCE /* FreshiTests.swift */; };
		786775E42655B78700716DCE /* FreshiUITests.swift in Sources */ = {isa = PBXBuildFile; fileRef = 786775E32655B78700716DCE /* FreshiUITests.swift */; };
		786775F22655B84800716DCE /* LandingView.swift in Sources */ = {isa = PBXBuildFile; fileRef = 786775F12655B84800716DCE /* LandingView.swift */; };
		789CA52F2655C44600A1CD5E /* AuthStore.swift in Sources */ = {isa = PBXBuildFile; fileRef = 789CA52E2655C44600A1CD5E /* AuthStore.swift */; };
		789CA5332655CC7900A1CD5E /* AuthCredsRequest.swift in Sources */ = {isa = PBXBuildFile; fileRef = 789CA5322655CC7900A1CD5E /* AuthCredsRequest.swift */; };
		789CA5372655D41500A1CD5E /* UserModel.swift in Sources */ = {isa = PBXBuildFile; fileRef = 789CA5362655D41500A1CD5E /* UserModel.swift */; };
		789CA539265DAFFF00A1CD5E /* AuthCredsModel.swift in Sources */ = {isa = PBXBuildFile; fileRef = 789CA538265DAFFE00A1CD5E /* AuthCredsModel.swift */; };
		789CA53B2660027000A1CD5E /* ButtonStyles.swift in Sources */ = {isa = PBXBuildFile; fileRef = 789CA53A2660027000A1CD5E /* ButtonStyles.swift */; };
		789CA5472660471700A1CD5E /* TextStyles.swift in Sources */ = {isa = PBXBuildFile; fileRef = 789CA5462660471700A1CD5E /* TextStyles.swift */; };
		789CA5492660694800A1CD5E /* GlobalStyles.swift in Sources */ = {isa = PBXBuildFile; fileRef = 789CA5482660694800A1CD5E /* GlobalStyles.swift */; };
		789CA54B26607E5700A1CD5E /* LogInView.swift in Sources */ = {isa = PBXBuildFile; fileRef = 789CA54A26607E5700A1CD5E /* LogInView.swift */; };
/* End PBXBuildFile section */

/* Begin PBXContainerItemProxy section */
		786775D52655B78700716DCE /* PBXContainerItemProxy */ = {
			isa = PBXContainerItemProxy;
			containerPortal = 786775BB2655B78100716DCE /* Project object */;
			proxyType = 1;
			remoteGlobalIDString = 786775C22655B78100716DCE;
			remoteInfo = Freshi;
		};
		786775E02655B78700716DCE /* PBXContainerItemProxy */ = {
			isa = PBXContainerItemProxy;
			containerPortal = 786775BB2655B78100716DCE /* Project object */;
			proxyType = 1;
			remoteGlobalIDString = 786775C22655B78100716DCE;
			remoteInfo = Freshi;
		};
/* End PBXContainerItemProxy section */

/* Begin PBXFileReference section */
		786775C32655B78100716DCE /* Freshi.app */ = {isa = PBXFileReference; explicitFileType = wrapper.application; includeInIndex = 0; path = Freshi.app; sourceTree = BUILT_PRODUCTS_DIR; };
		786775C62655B78100716DCE /* FreshiApp.swift */ = {isa = PBXFileReference; lastKnownFileType = sourcecode.swift; path = FreshiApp.swift; sourceTree = "<group>"; };
		786775C82655B78100716DCE /* ContentView.swift */ = {isa = PBXFileReference; lastKnownFileType = sourcecode.swift; path = ContentView.swift; sourceTree = "<group>"; };
		786775CA2655B78600716DCE /* Assets.xcassets */ = {isa = PBXFileReference; lastKnownFileType = folder.assetcatalog; path = Assets.xcassets; sourceTree = "<group>"; };
		786775CD2655B78600716DCE /* Preview Assets.xcassets */ = {isa = PBXFileReference; lastKnownFileType = folder.assetcatalog; path = "Preview Assets.xcassets"; sourceTree = "<group>"; };
		786775CF2655B78600716DCE /* Info.plist */ = {isa = PBXFileReference; lastKnownFileType = text.plist.xml; path = Info.plist; sourceTree = "<group>"; };
		786775D42655B78700716DCE /* FreshiTests.xctest */ = {isa = PBXFileReference; explicitFileType = wrapper.cfbundle; includeInIndex = 0; path = FreshiTests.xctest; sourceTree = BUILT_PRODUCTS_DIR; };
		786775D82655B78700716DCE /* FreshiTests.swift */ = {isa = PBXFileReference; lastKnownFileType = sourcecode.swift; path = FreshiTests.swift; sourceTree = "<group>"; };
		786775DA2655B78700716DCE /* Info.plist */ = {isa = PBXFileReference; lastKnownFileType = text.plist.xml; path = Info.plist; sourceTree = "<group>"; };
		786775DF2655B78700716DCE /* FreshiUITests.xctest */ = {isa = PBXFileReference; explicitFileType = wrapper.cfbundle; includeInIndex = 0; path = FreshiUITests.xctest; sourceTree = BUILT_PRODUCTS_DIR; };
		786775E32655B78700716DCE /* FreshiUITests.swift */ = {isa = PBXFileReference; lastKnownFileType = sourcecode.swift; path = FreshiUITests.swift; sourceTree = "<group>"; };
		786775E52655B78700716DCE /* Info.plist */ = {isa = PBXFileReference; lastKnownFileType = text.plist.xml; path = Info.plist; sourceTree = "<group>"; };
		786775F12655B84800716DCE /* LandingView.swift */ = {isa = PBXFileReference; fileEncoding = 4; lastKnownFileType = sourcecode.swift; path = LandingView.swift; sourceTree = "<group>"; };
		789CA52E2655C44600A1CD5E /* AuthStore.swift */ = {isa = PBXFileReference; lastKnownFileType = sourcecode.swift; path = AuthStore.swift; sourceTree = "<group>"; };
		789CA5322655CC7900A1CD5E /* AuthCredsRequest.swift */ = {isa = PBXFileReference; lastKnownFileType = sourcecode.swift; path = AuthCredsRequest.swift; sourceTree = "<group>"; };
		789CA5362655D41500A1CD5E /* UserModel.swift */ = {isa = PBXFileReference; lastKnownFileType = sourcecode.swift; path = UserModel.swift; sourceTree = "<group>"; };
		789CA538265DAFFE00A1CD5E /* AuthCredsModel.swift */ = {isa = PBXFileReference; lastKnownFileType = sourcecode.swift; path = AuthCredsModel.swift; sourceTree = "<group>"; };
		789CA53A2660027000A1CD5E /* ButtonStyles.swift */ = {isa = PBXFileReference; lastKnownFileType = sourcecode.swift; path = ButtonStyles.swift; sourceTree = "<group>"; };
		789CA5462660471700A1CD5E /* TextStyles.swift */ = {isa = PBXFileReference; lastKnownFileType = sourcecode.swift; path = TextStyles.swift; sourceTree = "<group>"; };
		789CA5482660694800A1CD5E /* GlobalStyles.swift */ = {isa = PBXFileReference; lastKnownFileType = sourcecode.swift; path = GlobalStyles.swift; sourceTree = "<group>"; };
		789CA54A26607E5700A1CD5E /* LogInView.swift */ = {isa = PBXFileReference; lastKnownFileType = sourcecode.swift; path = LogInView.swift; sourceTree = "<group>"; };
/* End PBXFileReference section */

/* Begin PBXFrameworksBuildPhase section */
		786775C02655B78100716DCE /* Frameworks */ = {
			isa = PBXFrameworksBuildPhase;
			buildActionMask = 2147483647;
			files = (
			);
			runOnlyForDeploymentPostprocessing = 0;
		};
		786775D12655B78700716DCE /* Frameworks */ = {
			isa = PBXFrameworksBuildPhase;
			buildActionMask = 2147483647;
			files = (
			);
			runOnlyForDeploymentPostprocessing = 0;
		};
		786775DC2655B78700716DCE /* Frameworks */ = {
			isa = PBXFrameworksBuildPhase;
			buildActionMask = 2147483647;
			files = (
			);
			runOnlyForDeploymentPostprocessing = 0;
		};
/* End PBXFrameworksBuildPhase section */

/* Begin PBXGroup section */
		786775BA2655B78000716DCE = {
			isa = PBXGroup;
			children = (
				786775C52655B78100716DCE /* Freshi */,
				786775D72655B78700716DCE /* FreshiTests */,
				786775E22655B78700716DCE /* FreshiUITests */,
				786775C42655B78100716DCE /* Products */,
			);
			sourceTree = "<group>";
		};
		786775C42655B78100716DCE /* Products */ = {
			isa = PBXGroup;
			children = (
				786775C32655B78100716DCE /* Freshi.app */,
				786775D42655B78700716DCE /* FreshiTests.xctest */,
				786775DF2655B78700716DCE /* FreshiUITests.xctest */,
			);
			name = Products;
			sourceTree = "<group>";
		};
		786775C52655B78100716DCE /* Freshi */ = {
			isa = PBXGroup;
			children = (
				789CA5292655C29800A1CD5E /* Views */,
				789CA5282655C25100A1CD5E /* Stores */,
				789CA5262655C23800A1CD5E /* Models */,
				786775C62655B78100716DCE /* FreshiApp.swift */,
				786775CA2655B78600716DCE /* Assets.xcassets */,
				789CA5242655C22300A1CD5E /* APIRequests */,
				786775CF2655B78600716DCE /* Info.plist */,
				786775CC2655B78600716DCE /* Preview Content */,
			);
			path = Freshi;
			sourceTree = "<group>";
		};
		786775CC2655B78600716DCE /* Preview Content */ = {
			isa = PBXGroup;
			children = (
				786775CD2655B78600716DCE /* Preview Assets.xcassets */,
			);
			path = "Preview Content";
			sourceTree = "<group>";
		};
		786775D72655B78700716DCE /* FreshiTests */ = {
			isa = PBXGroup;
			children = (
				786775D82655B78700716DCE /* FreshiTests.swift */,
				786775DA2655B78700716DCE /* Info.plist */,
			);
			path = FreshiTests;
			sourceTree = "<group>";
		};
		786775E22655B78700716DCE /* FreshiUITests */ = {
			isa = PBXGroup;
			children = (
				786775E32655B78700716DCE /* FreshiUITests.swift */,
				786775E52655B78700716DCE /* Info.plist */,
			);
			path = FreshiUITests;
			sourceTree = "<group>";
		};
		789CA5242655C22300A1CD5E /* APIRequests */ = {
			isa = PBXGroup;
			children = (
				789CA5322655CC7900A1CD5E /* AuthCredsRequest.swift */,
			);
			path = APIRequests;
			sourceTree = "<group>";
		};
		789CA5262655C23800A1CD5E /* Models */ = {
			isa = PBXGroup;
			children = (
				789CA5362655D41500A1CD5E /* UserModel.swift */,
				789CA538265DAFFE00A1CD5E /* AuthCredsModel.swift */,
			);
			path = Models;
			sourceTree = "<group>";
		};
		789CA5282655C25100A1CD5E /* Stores */ = {
			isa = PBXGroup;
			children = (
				789CA52E2655C44600A1CD5E /* AuthStore.swift */,
			);
			path = Stores;
			sourceTree = "<group>";
		};
		789CA5292655C29800A1CD5E /* Views */ = {
			isa = PBXGroup;
			children = (
				789CA52D2655C31900A1CD5E /* Screens */,
				789CA52A2655C2D600A1CD5E /* Components */,
			);
			path = Views;
			sourceTree = "<group>";
		};
		789CA52A2655C2D600A1CD5E /* Components */ = {
			isa = PBXGroup;
			children = (
				789CA52C2655C30000A1CD5E /* UI */,
			);
			path = Components;
			sourceTree = "<group>";
		};
		789CA52C2655C30000A1CD5E /* UI */ = {
			isa = PBXGroup;
			children = (
				789CA53A2660027000A1CD5E /* ButtonStyles.swift */,
				789CA5482660694800A1CD5E /* GlobalStyles.swift */,
				789CA5462660471700A1CD5E /* TextStyles.swift */,
			);
			path = UI;
			sourceTree = "<group>";
		};
		789CA52D2655C31900A1CD5E /* Screens */ = {
			isa = PBXGroup;
			children = (
				786775C82655B78100716DCE /* ContentView.swift */,
				789CA54A26607E5700A1CD5E /* LogInView.swift */,
				786775F12655B84800716DCE /* LandingView.swift */,
			);
			path = Screens;
			sourceTree = "<group>";
		};
/* End PBXGroup section */

/* Begin PBXNativeTarget section */
		786775C22655B78100716DCE /* Freshi */ = {
			isa = PBXNativeTarget;
			buildConfigurationList = 786775E82655B78700716DCE /* Build configuration list for PBXNativeTarget "Freshi" */;
			buildPhases = (
				786775BF2655B78100716DCE /* Sources */,
				786775C02655B78100716DCE /* Frameworks */,
				786775C12655B78100716DCE /* Resources */,
			);
			buildRules = (
			);
			dependencies = (
			);
			name = Freshi;
			productName = Freshi;
			productReference = 786775C32655B78100716DCE /* Freshi.app */;
			productType = "com.apple.product-type.application";
		};
		786775D32655B78700716DCE /* FreshiTests */ = {
			isa = PBXNativeTarget;
			buildConfigurationList = 786775EB2655B78700716DCE /* Build configuration list for PBXNativeTarget "FreshiTests" */;
			buildPhases = (
				786775D02655B78700716DCE /* Sources */,
				786775D12655B78700716DCE /* Frameworks */,
				786775D22655B78700716DCE /* Resources */,
			);
			buildRules = (
			);
			dependencies = (
				786775D62655B78700716DCE /* PBXTargetDependency */,
			);
			name = FreshiTests;
			productName = FreshiTests;
			productReference = 786775D42655B78700716DCE /* FreshiTests.xctest */;
			productType = "com.apple.product-type.bundle.unit-test";
		};
		786775DE2655B78700716DCE /* FreshiUITests */ = {
			isa = PBXNativeTarget;
			buildConfigurationList = 786775EE2655B78700716DCE /* Build configuration list for PBXNativeTarget "FreshiUITests" */;
			buildPhases = (
				786775DB2655B78700716DCE /* Sources */,
				786775DC2655B78700716DCE /* Frameworks */,
				786775DD2655B78700716DCE /* Resources */,
			);
			buildRules = (
			);
			dependencies = (
				786775E12655B78700716DCE /* PBXTargetDependency */,
			);
			name = FreshiUITests;
			productName = FreshiUITests;
			productReference = 786775DF2655B78700716DCE /* FreshiUITests.xctest */;
			productType = "com.apple.product-type.bundle.ui-testing";
		};
/* End PBXNativeTarget section */

/* Begin PBXProject section */
		786775BB2655B78100716DCE /* Project object */ = {
			isa = PBXProject;
			attributes = {
				LastSwiftUpdateCheck = 1250;
				LastUpgradeCheck = 1250;
				TargetAttributes = {
					786775C22655B78100716DCE = {
						CreatedOnToolsVersion = 12.5;
					};
					786775D32655B78700716DCE = {
						CreatedOnToolsVersion = 12.5;
						TestTargetID = 786775C22655B78100716DCE;
					};
					786775DE2655B78700716DCE = {
						CreatedOnToolsVersion = 12.5;
						TestTargetID = 786775C22655B78100716DCE;
					};
				};
			};
			buildConfigurationList = 786775BE2655B78100716DCE /* Build configuration list for PBXProject "Freshi" */;
			compatibilityVersion = "Xcode 9.3";
			developmentRegion = en;
			hasScannedForEncodings = 0;
			knownRegions = (
				en,
				Base,
			);
			mainGroup = 786775BA2655B78000716DCE;
			productRefGroup = 786775C42655B78100716DCE /* Products */;
			projectDirPath = "";
			projectRoot = "";
			targets = (
				786775C22655B78100716DCE /* Freshi */,
				786775D32655B78700716DCE /* FreshiTests */,
				786775DE2655B78700716DCE /* FreshiUITests */,
			);
		};
/* End PBXProject section */

/* Begin PBXResourcesBuildPhase section */
		786775C12655B78100716DCE /* Resources */ = {
			isa = PBXResourcesBuildPhase;
			buildActionMask = 2147483647;
			files = (
				786775CE2655B78600716DCE /* Preview Assets.xcassets in Resources */,
				786775CB2655B78600716DCE /* Assets.xcassets in Resources */,
			);
			runOnlyForDeploymentPostprocessing = 0;
		};
		786775D22655B78700716DCE /* Resources */ = {
			isa = PBXResourcesBuildPhase;
			buildActionMask = 2147483647;
			files = (
			);
			runOnlyForDeploymentPostprocessing = 0;
		};
		786775DD2655B78700716DCE /* Resources */ = {
			isa = PBXResourcesBuildPhase;
			buildActionMask = 2147483647;
			files = (
			);
			runOnlyForDeploymentPostprocessing = 0;
		};
/* End PBXResourcesBuildPhase section */

/* Begin PBXSourcesBuildPhase section */
		786775BF2655B78100716DCE /* Sources */ = {
			isa = PBXSourcesBuildPhase;
			buildActionMask = 2147483647;
			files = (
				786775F22655B84800716DCE /* LandingView.swift in Sources */,
				789CA5332655CC7900A1CD5E /* AuthCredsRequest.swift in Sources */,
				789CA539265DAFFF00A1CD5E /* AuthCredsModel.swift in Sources */,
				789CA5472660471700A1CD5E /* TextStyles.swift in Sources */,
				789CA52F2655C44600A1CD5E /* AuthStore.swift in Sources */,
				786775C92655B78100716DCE /* ContentView.swift in Sources */,
				789CA5372655D41500A1CD5E /* UserModel.swift in Sources */,
				786775C72655B78100716DCE /* FreshiApp.swift in Sources */,
				789CA54B26607E5700A1CD5E /* LogInView.swift in Sources */,
				789CA5492660694800A1CD5E /* GlobalStyles.swift in Sources */,
				789CA53B2660027000A1CD5E /* ButtonStyles.swift in Sources */,
			);
			runOnlyForDeploymentPostprocessing = 0;
		};
		786775D02655B78700716DCE /* Sources */ = {
			isa = PBXSourcesBuildPhase;
			buildActionMask = 2147483647;
			files = (
				786775D92655B78700716DCE /* FreshiTests.swift in Sources */,
			);
			runOnlyForDeploymentPostprocessing = 0;
		};
		786775DB2655B78700716DCE /* Sources */ = {
			isa = PBXSourcesBuildPhase;
			buildActionMask = 2147483647;
			files = (
				786775E42655B78700716DCE /* FreshiUITests.swift in Sources */,
			);
			runOnlyForDeploymentPostprocessing = 0;
		};
/* End PBXSourcesBuildPhase section */

/* Begin PBXTargetDependency section */
		786775D62655B78700716DCE /* PBXTargetDependency */ = {
			isa = PBXTargetDependency;
			target = 786775C22655B78100716DCE /* Freshi */;
			targetProxy = 786775D52655B78700716DCE /* PBXContainerItemProxy */;
		};
		786775E12655B78700716DCE /* PBXTargetDependency */ = {
			isa = PBXTargetDependency;
			target = 786775C22655B78100716DCE /* Freshi */;
			targetProxy = 786775E02655B78700716DCE /* PBXContainerItemProxy */;
		};
/* End PBXTargetDependency section */

/* Begin XCBuildConfiguration section */
		786775E62655B78700716DCE /* Debug */ = {
			isa = XCBuildConfiguration;
			buildSettings = {
				ALWAYS_SEARCH_USER_PATHS = NO;
				CLANG_ANALYZER_NONNULL = YES;
				CLANG_ANALYZER_NUMBER_OBJECT_CONVERSION = YES_AGGRESSIVE;
				CLANG_CXX_LANGUAGE_STANDARD = "gnu++14";
				CLANG_CXX_LIBRARY = "libc++";
				CLANG_ENABLE_MODULES = YES;
				CLANG_ENABLE_OBJC_ARC = YES;
				CLANG_ENABLE_OBJC_WEAK = YES;
				CLANG_WARN_BLOCK_CAPTURE_AUTORELEASING = YES;
				CLANG_WARN_BOOL_CONVERSION = YES;
				CLANG_WARN_COMMA = YES;
				CLANG_WARN_CONSTANT_CONVERSION = YES;
				CLANG_WARN_DEPRECATED_OBJC_IMPLEMENTATIONS = YES;
				CLANG_WARN_DIRECT_OBJC_ISA_USAGE = YES_ERROR;
				CLANG_WARN_DOCUMENTATION_COMMENTS = YES;
				CLANG_WARN_EMPTY_BODY = YES;
				CLANG_WARN_ENUM_CONVERSION = YES;
				CLANG_WARN_INFINITE_RECURSION = YES;
				CLANG_WARN_INT_CONVERSION = YES;
				CLANG_WARN_NON_LITERAL_NULL_CONVERSION = YES;
				CLANG_WARN_OBJC_IMPLICIT_RETAIN_SELF = YES;
				CLANG_WARN_OBJC_LITERAL_CONVERSION = YES;
				CLANG_WARN_OBJC_ROOT_CLASS = YES_ERROR;
				CLANG_WARN_QUOTED_INCLUDE_IN_FRAMEWORK_HEADER = YES;
				CLANG_WARN_RANGE_LOOP_ANALYSIS = YES;
				CLANG_WARN_STRICT_PROTOTYPES = YES;
				CLANG_WARN_SUSPICIOUS_MOVE = YES;
				CLANG_WARN_UNGUARDED_AVAILABILITY = YES_AGGRESSIVE;
				CLANG_WARN_UNREACHABLE_CODE = YES;
				CLANG_WARN__DUPLICATE_METHOD_MATCH = YES;
				COPY_PHASE_STRIP = NO;
				DEBUG_INFORMATION_FORMAT = dwarf;
				ENABLE_STRICT_OBJC_MSGSEND = YES;
				ENABLE_TESTABILITY = YES;
				GCC_C_LANGUAGE_STANDARD = gnu11;
				GCC_DYNAMIC_NO_PIC = NO;
				GCC_NO_COMMON_BLOCKS = YES;
				GCC_OPTIMIZATION_LEVEL = 0;
				GCC_PREPROCESSOR_DEFINITIONS = (
					"DEBUG=1",
					"$(inherited)",
				);
				GCC_WARN_64_TO_32_BIT_CONVERSION = YES;
				GCC_WARN_ABOUT_RETURN_TYPE = YES_ERROR;
				GCC_WARN_UNDECLARED_SELECTOR = YES;
				GCC_WARN_UNINITIALIZED_AUTOS = YES_AGGRESSIVE;
				GCC_WARN_UNUSED_FUNCTION = YES;
				GCC_WARN_UNUSED_VARIABLE = YES;
				IPHONEOS_DEPLOYMENT_TARGET = 14.5;
				MTL_ENABLE_DEBUG_INFO = INCLUDE_SOURCE;
				MTL_FAST_MATH = YES;
				ONLY_ACTIVE_ARCH = YES;
				SDKROOT = iphoneos;
				SWIFT_ACTIVE_COMPILATION_CONDITIONS = DEBUG;
				SWIFT_OPTIMIZATION_LEVEL = "-Onone";
			};
			name = Debug;
		};
		786775E72655B78700716DCE /* Release */ = {
			isa = XCBuildConfiguration;
			buildSettings = {
				ALWAYS_SEARCH_USER_PATHS = NO;
				CLANG_ANALYZER_NONNULL = YES;
				CLANG_ANALYZER_NUMBER_OBJECT_CONVERSION = YES_AGGRESSIVE;
				CLANG_CXX_LANGUAGE_STANDARD = "gnu++14";
				CLANG_CXX_LIBRARY = "libc++";
				CLANG_ENABLE_MODULES = YES;
				CLANG_ENABLE_OBJC_ARC = YES;
				CLANG_ENABLE_OBJC_WEAK = YES;
				CLANG_WARN_BLOCK_CAPTURE_AUTORELEASING = YES;
				CLANG_WARN_BOOL_CONVERSION = YES;
				CLANG_WARN_COMMA = YES;
				CLANG_WARN_CONSTANT_CONVERSION = YES;
				CLANG_WARN_DEPRECATED_OBJC_IMPLEMENTATIONS = YES;
				CLANG_WARN_DIRECT_OBJC_ISA_USAGE = YES_ERROR;
				CLANG_WARN_DOCUMENTATION_COMMENTS = YES;
				CLANG_WARN_EMPTY_BODY = YES;
				CLANG_WARN_ENUM_CONVERSION = YES;
				CLANG_WARN_INFINITE_RECURSION = YES;
				CLANG_WARN_INT_CONVERSION = YES;
				CLANG_WARN_NON_LITERAL_NULL_CONVERSION = YES;
				CLANG_WARN_OBJC_IMPLICIT_RETAIN_SELF = YES;
				CLANG_WARN_OBJC_LITERAL_CONVERSION = YES;
				CLANG_WARN_OBJC_ROOT_CLASS = YES_ERROR;
				CLANG_WARN_QUOTED_INCLUDE_IN_FRAMEWORK_HEADER = YES;
				CLANG_WARN_RANGE_LOOP_ANALYSIS = YES;
				CLANG_WARN_STRICT_PROTOTYPES = YES;
				CLANG_WARN_SUSPICIOUS_MOVE = YES;
				CLANG_WARN_UNGUARDED_AVAILABILITY = YES_AGGRESSIVE;
				CLANG_WARN_UNREACHABLE_CODE = YES;
				CLANG_WARN__DUPLICATE_METHOD_MATCH = YES;
				COPY_PHASE_STRIP = NO;
				DEBUG_INFORMATION_FORMAT = "dwarf-with-dsym";
				ENABLE_NS_ASSERTIONS = NO;
				ENABLE_STRICT_OBJC_MSGSEND = YES;
				GCC_C_LANGUAGE_STANDARD = gnu11;
				GCC_NO_COMMON_BLOCKS = YES;
				GCC_WARN_64_TO_32_BIT_CONVERSION = YES;
				GCC_WARN_ABOUT_RETURN_TYPE = YES_ERROR;
				GCC_WARN_UNDECLARED_SELECTOR = YES;
				GCC_WARN_UNINITIALIZED_AUTOS = YES_AGGRESSIVE;
				GCC_WARN_UNUSED_FUNCTION = YES;
				GCC_WARN_UNUSED_VARIABLE = YES;
				IPHONEOS_DEPLOYMENT_TARGET = 14.5;
				MTL_ENABLE_DEBUG_INFO = NO;
				MTL_FAST_MATH = YES;
				SDKROOT = iphoneos;
				SWIFT_COMPILATION_MODE = wholemodule;
				SWIFT_OPTIMIZATION_LEVEL = "-O";
				VALIDATE_PRODUCT = YES;
			};
			name = Release;
		};
		786775E92655B78700716DCE /* Debug */ = {
			isa = XCBuildConfiguration;
			buildSettings = {
				ASSETCATALOG_COMPILER_APPICON_NAME = AppIcon;
				ASSETCATALOG_COMPILER_GLOBAL_ACCENT_COLOR_NAME = AccentColor;
				CODE_SIGN_STYLE = Automatic;
				DEVELOPMENT_ASSET_PATHS = "\"Freshi/Preview Content\"";
				DEVELOPMENT_TEAM = YYZPQ76M64;
				ENABLE_PREVIEWS = YES;
				INFOPLIST_FILE = Freshi/Info.plist;
				IPHONEOS_DEPLOYMENT_TARGET = 14.0;
				LD_RUNPATH_SEARCH_PATHS = (
					"$(inherited)",
					"@executable_path/Frameworks",
				);
				PRODUCT_BUNDLE_IDENTIFIER = io.freshi.Freshi;
				PRODUCT_NAME = "$(TARGET_NAME)";
				SWIFT_VERSION = 5.0;
				TARGETED_DEVICE_FAMILY = "1,2";
			};
			name = Debug;
		};
		786775EA2655B78700716DCE /* Release */ = {
			isa = XCBuildConfiguration;
			buildSettings = {
				ASSETCATALOG_COMPILER_APPICON_NAME = AppIcon;
				ASSETCATALOG_COMPILER_GLOBAL_ACCENT_COLOR_NAME = AccentColor;
				CODE_SIGN_STYLE = Automatic;
				DEVELOPMENT_ASSET_PATHS = "\"Freshi/Preview Content\"";
				DEVELOPMENT_TEAM = YYZPQ76M64;
				ENABLE_PREVIEWS = YES;
				INFOPLIST_FILE = Freshi/Info.plist;
				IPHONEOS_DEPLOYMENT_TARGET = 14.0;
				LD_RUNPATH_SEARCH_PATHS = (
					"$(inherited)",
					"@executable_path/Frameworks",
				);
				PRODUCT_BUNDLE_IDENTIFIER = io.freshi.Freshi;
				PRODUCT_NAME = "$(TARGET_NAME)";
				SWIFT_VERSION = 5.0;
				TARGETED_DEVICE_FAMILY = "1,2";
			};
			name = Release;
		};
		786775EC2655B78700716DCE /* Debug */ = {
			isa = XCBuildConfiguration;
			buildSettings = {
				ALWAYS_EMBED_SWIFT_STANDARD_LIBRARIES = YES;
				BUNDLE_LOADER = "$(TEST_HOST)";
				CODE_SIGN_STYLE = Automatic;
				DEVELOPMENT_TEAM = YYZPQ76M64;
				INFOPLIST_FILE = FreshiTests/Info.plist;
				IPHONEOS_DEPLOYMENT_TARGET = 14.0;
				LD_RUNPATH_SEARCH_PATHS = (
					"$(inherited)",
					"@executable_path/Frameworks",
					"@loader_path/Frameworks",
				);
				PRODUCT_BUNDLE_IDENTIFIER = io.freshi.FreshiTests;
				PRODUCT_NAME = "$(TARGET_NAME)";
				SWIFT_VERSION = 5.0;
				TARGETED_DEVICE_FAMILY = "1,2";
				TEST_HOST = "$(BUILT_PRODUCTS_DIR)/Freshi.app/Freshi";
			};
			name = Debug;
		};
		786775ED2655B78700716DCE /* Release */ = {
			isa = XCBuildConfiguration;
			buildSettings = {
				ALWAYS_EMBED_SWIFT_STANDARD_LIBRARIES = YES;
				BUNDLE_LOADER = "$(TEST_HOST)";
				CODE_SIGN_STYLE = Automatic;
				DEVELOPMENT_TEAM = YYZPQ76M64;
				INFOPLIST_FILE = FreshiTests/Info.plist;
				IPHONEOS_DEPLOYMENT_TARGET = 14.0;
				LD_RUNPATH_SEARCH_PATHS = (
					"$(inherited)",
					"@executable_path/Frameworks",
					"@loader_path/Frameworks",
				);
				PRODUCT_BUNDLE_IDENTIFIER = io.freshi.FreshiTests;
				PRODUCT_NAME = "$(TARGET_NAME)";
				SWIFT_VERSION = 5.0;
				TARGETED_DEVICE_FAMILY = "1,2";
				TEST_HOST = "$(BUILT_PRODUCTS_DIR)/Freshi.app/Freshi";
			};
			name = Release;
		};
		786775EF2655B78700716DCE /* Debug */ = {
			isa = XCBuildConfiguration;
			buildSettings = {
				ALWAYS_EMBED_SWIFT_STANDARD_LIBRARIES = YES;
				CODE_SIGN_STYLE = Automatic;
				DEVELOPMENT_TEAM = YYZPQ76M64;
				INFOPLIST_FILE = FreshiUITests/Info.plist;
				LD_RUNPATH_SEARCH_PATHS = (
					"$(inherited)",
					"@executable_path/Frameworks",
					"@loader_path/Frameworks",
				);
				PRODUCT_BUNDLE_IDENTIFIER = io.freshi.FreshiUITests;
				PRODUCT_NAME = "$(TARGET_NAME)";
				SWIFT_VERSION = 5.0;
				TARGETED_DEVICE_FAMILY = "1,2";
				TEST_TARGET_NAME = Freshi;
			};
			name = Debug;
		};
		786775F02655B78700716DCE /* Release */ = {
			isa = XCBuildConfiguration;
			buildSettings = {
				ALWAYS_EMBED_SWIFT_STANDARD_LIBRARIES = YES;
				CODE_SIGN_STYLE = Automatic;
				DEVELOPMENT_TEAM = YYZPQ76M64;
				INFOPLIST_FILE = FreshiUITests/Info.plist;
				LD_RUNPATH_SEARCH_PATHS = (
					"$(inherited)",
					"@executable_path/Frameworks",
					"@loader_path/Frameworks",
				);
				PRODUCT_BUNDLE_IDENTIFIER = io.freshi.FreshiUITests;
				PRODUCT_NAME = "$(TARGET_NAME)";
				SWIFT_VERSION = 5.0;
				TARGETED_DEVICE_FAMILY = "1,2";
				TEST_TARGET_NAME = Freshi;
			};
			name = Release;
		};
/* End XCBuildConfiguration section */

/* Begin XCConfigurationList section */
		786775BE2655B78100716DCE /* Build configuration list for PBXProject "Freshi" */ = {
			isa = XCConfigurationList;
			buildConfigurations = (
				786775E62655B78700716DCE /* Debug */,
				786775E72655B78700716DCE /* Release */,
			);
			defaultConfigurationIsVisible = 0;
			defaultConfigurationName = Release;
		};
		786775E82655B78700716DCE /* Build configuration list for PBXNativeTarget "Freshi" */ = {
			isa = XCConfigurationList;
			buildConfigurations = (
				786775E92655B78700716DCE /* Debug */,
				786775EA2655B78700716DCE /* Release */,
			);
			defaultConfigurationIsVisible = 0;
			defaultConfigurationName = Release;
		};
		786775EB2655B78700716DCE /* Build configuration list for PBXNativeTarget "FreshiTests" */ = {
			isa = XCConfigurationList;
			buildConfigurations = (
				786775EC2655B78700716DCE /* Debug */,
				786775ED2655B78700716DCE /* Release */,
			);
			defaultConfigurationIsVisible = 0;
			defaultConfigurationName = Release;
		};
		786775EE2655B78700716DCE /* Build configuration list for PBXNativeTarget "FreshiUITests" */ = {
			isa = XCConfigurationList;
			buildConfigurations = (
				786775EF2655B78700716DCE /* Debug */,
				786775F02655B78700716DCE /* Release */,
			);
			defaultConfigurationIsVisible = 0;
			defaultConfigurationName = Release;
		};
/* End XCConfigurationList section */
	};
	rootObject = 786775BB2655B78100716DCE /* Project object */;
}
